
Microsoft Visual Studio Solution File, Format Version 12.00
Project("{FAE04EC0-301F-11D3-BF4B-00C04F79EFBC}") = "RedoUndoLibrary", "RedoUndoLibrary\RedoUndoLibrary.csproj", "{6D4268AC-B7A1-4583-9EE4-3673CF566795}"
EndProject
Project("{FAE04EC0-301F-11D3-BF4B-00C04F79EFBC}") = "RedoUndoLibraryTest", "RedoUndoLibraryTest\RedoUndoLibraryTest.csproj", "{F61AA1A0-0CEA-4399-818F-F1B17488127F}"
EndProject
Global
	GlobalSection(SolutionConfigurationPlatforms) = preSolution
		Debug|Any CPU = Debug|Any CPU
		Release|Any CPU = Release|Any CPU
	EndGlobalSection
	GlobalSection(ProjectConfigurationPlatforms) = postSolution
		{6D4268AC-B7A1-4583-9EE4-3673CF566795}.Debug|Any CPU.ActiveCfg = Debug|Any CPU
		{6D4268AC-B7A1-4583-9EE4-3673CF566795}.Debug|Any CPU.Build.0 = Debug|Any CPU
		{6D4268AC-B7A1-4583-9EE4-3673CF566795}.Release|Any CPU.ActiveCfg = Release|Any CPU
		{6D4268AC-B7A1-4583-9EE4-3673CF566795}.Release|Any CPU.Build.0 = Release|Any CPU
		{F61AA1A0-0CEA-4399-818F-F1B17488127F}.Debug|Any CPU.ActiveCfg = Debug|Any CPU
		{F61AA1A0-0CEA-4399-818F-F1B17488127F}.Debug|Any CPU.Build.0 = Debug|Any CPU
		{F61AA1A0-0CEA-4399-818F-F1B17488127F}.Release|Any CPU.ActiveCfg = Release|Any CPU
		{F61AA1A0-0CEA-4399-818F-F1B17488127F}.Release|Any CPU.Build.0 = Release|Any CPU
	EndGlobalSection
EndGlobal
